
Microsoft Visual Studio Solution File, Format Version 12.00
# Visual Studio Version 16
VisualStudioVersion = 16.0.31313.79
MinimumVisualStudioVersion = 10.0.40219.1
Project("{FAE04EC0-301F-11D3-BF4B-00C04F79EFBC}") = "BookApi-HomeWork Class03", "BookApi-HomeWork Class03\BookApi-HomeWork Class03.csproj", "{15905AB1-7D31-49F8-9726-023670CE439B}"
EndProject
Global
	GlobalSection(SolutionConfigurationPlatforms) = preSolution
		Debug|Any CPU = Debug|Any CPU
		Release|Any CPU = Release|Any CPU
	EndGlobalSection
	GlobalSection(ProjectConfigurationPlatforms) = postSolution
		{15905AB1-7D31-49F8-9726-023670CE439B}.Debug|Any CPU.ActiveCfg = Debug|Any CPU
		{15905AB1-7D31-49F8-9726-023670CE439B}.Debug|Any CPU.Build.0 = Debug|Any CPU
		{15905AB1-7D31-49F8-9726-023670CE439B}.Release|Any CPU.ActiveCfg = Release|Any CPU
		{15905AB1-7D31-49F8-9726-023670CE439B}.Release|Any CPU.Build.0 = Release|Any CPU
	EndGlobalSection
	GlobalSection(SolutionProperties) = preSolution
		HideSolutionNode = FALSE
	EndGlobalSection
	GlobalSection(ExtensibilityGlobals) = postSolution
		SolutionGuid = {87E37F87-1FCD-4EA9-BD8E-07ABF70DB6C3}
	EndGlobalSection
EndGlobal
